
Microsoft Visual Studio Solution File, Format Version 12.00
# Visual Studio Version 16
VisualStudioVersion = 16.0.31424.327
MinimumVisualStudioVersion = 10.0.40219.1
Project("{9A19103F-16F7-4668-BE54-9A1E7A4F7556}") = "ProductReviewManagement", "ProductReviewManagement\ProductReviewManagement.csproj", "{F14897BD-5FE3-45B4-B1B4-903BC0B78F3A}"
EndProject
Project("{FAE04EC0-301F-11D3-BF4B-00C04F79EFBC}") = "TestValidation", "TestValidation\TestValidation.csproj", "{B28B15C5-1B69-4E22-87AE-7BABF94C8172}"
EndProject
Global
	GlobalSection(SolutionConfigurationPlatforms) = preSolution
		Debug|Any CPU = Debug|Any CPU
		Release|Any CPU = Release|Any CPU
	EndGlobalSection
	GlobalSection(ProjectConfigurationPlatforms) = postSolution
		{F14897BD-5FE3-45B4-B1B4-903BC0B78F3A}.Debug|Any CPU.ActiveCfg = Debug|Any CPU
		{F14897BD-5FE3-45B4-B1B4-903BC0B78F3A}.Debug|Any CPU.Build.0 = Debug|Any CPU
		{F14897BD-5FE3-45B4-B1B4-903BC0B78F3A}.Release|Any CPU.ActiveCfg = Release|Any CPU
		{F14897BD-5FE3-45B4-B1B4-903BC0B78F3A}.Release|Any CPU.Build.0 = Release|Any CPU
		{B28B15C5-1B69-4E22-87AE-7BABF94C8172}.Debug|Any CPU.ActiveCfg = Debug|Any CPU
		{B28B15C5-1B69-4E22-87AE-7BABF94C8172}.Debug|Any CPU.Build.0 = Debug|Any CPU
		{B28B15C5-1B69-4E22-87AE-7BABF94C8172}.Release|Any CPU.ActiveCfg = Release|Any CPU
		{B28B15C5-1B69-4E22-87AE-7BABF94C8172}.Release|Any CPU.Build.0 = Release|Any CPU
	EndGlobalSection
	GlobalSection(SolutionProperties) = preSolution
		HideSolutionNode = FALSE
	EndGlobalSection
	GlobalSection(ExtensibilityGlobals) = postSolution
		SolutionGuid = {C7CBB6BC-C821-489C-A947-E3460AC39BA7}
	EndGlobalSection
EndGlobal
